
Microsoft Visual Studio Solution File, Format Version 12.00
# Visual Studio Version 17
VisualStudioVersion = 17.14.36203.30 d17.14
MinimumVisualStudioVersion = 10.0.40219.1
Project("{FAE04EC0-301F-11D3-BF4B-00C04F79EFBC}") = "yujieTest8", "yujieTest8.csproj", "{C313B34A-DA82-4C88-9EE0-D38107995E28}"
EndProject
Global
	GlobalSection(SolutionConfigurationPlatforms) = preSolution
		Debug|Any CPU = Debug|Any CPU
		Release|Any CPU = Release|Any CPU
	EndGlobalSection
	GlobalSection(ProjectConfigurationPlatforms) = postSolution
		{C313B34A-DA82-4C88-9EE0-D38107995E28}.Debug|Any CPU.ActiveCfg = Debug|Any CPU
		{C313B34A-DA82-4C88-9EE0-D38107995E28}.Debug|Any CPU.Build.0 = Debug|Any CPU
		{C313B34A-DA82-4C88-9EE0-D38107995E28}.Release|Any CPU.ActiveCfg = Release|Any CPU
		{C313B34A-DA82-4C88-9EE0-D38107995E28}.Release|Any CPU.Build.0 = Release|Any CPU
	EndGlobalSection
	GlobalSection(SolutionProperties) = preSolution
		HideSolutionNode = FALSE
	EndGlobalSection
	GlobalSection(ExtensibilityGlobals) = postSolution
		SolutionGuid = {EDE6BD87-1A25-43FD-B41C-2525D231C033}
	EndGlobalSection
EndGlobal
